
Microsoft Visual Studio Solution File, Format Version 12.00
# Visual Studio Version 17
VisualStudioVersion = 17.7.34031.279
MinimumVisualStudioVersion = 10.0.40219.1
Project("{FAE04EC0-301F-11D3-BF4B-00C04F79EFBC}") = "mod3", "mod3\mod3.csproj", "{DEAD9B22-F162-44A8-9939-61FDAB8B4686}"
EndProject
Global
	GlobalSection(SolutionConfigurationPlatforms) = preSolution
		Debug|Any CPU = Debug|Any CPU
		Release|Any CPU = Release|Any CPU
	EndGlobalSection
	GlobalSection(ProjectConfigurationPlatforms) = postSolution
		{DEAD9B22-F162-44A8-9939-61FDAB8B4686}.Debug|Any CPU.ActiveCfg = Debug|Any CPU
		{DEAD9B22-F162-44A8-9939-61FDAB8B4686}.Debug|Any CPU.Build.0 = Debug|Any CPU
		{DEAD9B22-F162-44A8-9939-61FDAB8B4686}.Release|Any CPU.ActiveCfg = Release|Any CPU
		{DEAD9B22-F162-44A8-9939-61FDAB8B4686}.Release|Any CPU.Build.0 = Release|Any CPU
	EndGlobalSection
	GlobalSection(SolutionProperties) = preSolution
		HideSolutionNode = FALSE
	EndGlobalSection
	GlobalSection(ExtensibilityGlobals) = postSolution
		SolutionGuid = {9876216A-917E-402F-8283-FC78FD62DD5F}
	EndGlobalSection
EndGlobal
