
Microsoft Visual Studio Solution File, Format Version 12.00
# Visual Studio Version 17
VisualStudioVersion = 17.7.34031.279
MinimumVisualStudioVersion = 10.0.40219.1
Project("{FAE04EC0-301F-11D3-BF4B-00C04F79EFBC}") = "mod6", "mod6\mod6.csproj", "{EFC43F2B-6626-429A-B29A-4688D9A94125}"
EndProject
Global
	GlobalSection(SolutionConfigurationPlatforms) = preSolution
		Debug|Any CPU = Debug|Any CPU
		Release|Any CPU = Release|Any CPU
	EndGlobalSection
	GlobalSection(ProjectConfigurationPlatforms) = postSolution
		{EFC43F2B-6626-429A-B29A-4688D9A94125}.Debug|Any CPU.ActiveCfg = Debug|Any CPU
		{EFC43F2B-6626-429A-B29A-4688D9A94125}.Debug|Any CPU.Build.0 = Debug|Any CPU
		{EFC43F2B-6626-429A-B29A-4688D9A94125}.Release|Any CPU.ActiveCfg = Release|Any CPU
		{EFC43F2B-6626-429A-B29A-4688D9A94125}.Release|Any CPU.Build.0 = Release|Any CPU
	EndGlobalSection
	GlobalSection(SolutionProperties) = preSolution
		HideSolutionNode = FALSE
	EndGlobalSection
	GlobalSection(ExtensibilityGlobals) = postSolution
		SolutionGuid = {0CAECD19-CBE0-4457-A0F1-6B41430813FB}
	EndGlobalSection
EndGlobal
